// !$*UTF8*$!
{
	archiveVersion = 1;
	classes = {
	};
	objectVersion = 48;
	objects = {

/* Begin PBXBuildFile section */
		D21E55A62010104A00C91CCE /* Dictionary.swift in Sources */ = {isa = PBXBuildFile; fileRef = D21E55A52010104A00C91CCE /* Dictionary.swift */; };
		D21E55A82010145F00C91CCE /* Extensions.swift in Sources */ = {isa = PBXBuildFile; fileRef = D21E55A72010145E00C91CCE /* Extensions.swift */; };
		D21E55AA2010213700C91CCE /* System.swift in Sources */ = {isa = PBXBuildFile; fileRef = D21E55A92010213700C91CCE /* System.swift */; };
		D21E55AD201021A900C91CCE /* bootstrap.f in CopyFiles */ = {isa = PBXBuildFile; fileRef = D21E55AB2010218700C91CCE /* bootstrap.f */; };
		D254D0DB201B6CE100A4D4AE /* Address.swift in Sources */ = {isa = PBXBuildFile; fileRef = D254D0DA201B6CE100A4D4AE /* Address.swift */; };
		D25E6909200C887F000059EB /* main.swift in Sources */ = {isa = PBXBuildFile; fileRef = D25E6908200C887F000059EB /* main.swift */; };
		D25E6910200C88C8000059EB /* Machine.swift in Sources */ = {isa = PBXBuildFile; fileRef = D25E690F200C88C8000059EB /* Machine.swift */; };
		D25E6914200C8953000059EB /* Types.swift in Sources */ = {isa = PBXBuildFile; fileRef = D25E6913200C8953000059EB /* Types.swift */; };
		D25E6918200C8EE7000059EB /* RuntimeError.swift in Sources */ = {isa = PBXBuildFile; fileRef = D25E6917200C8EE7000059EB /* RuntimeError.swift */; };
		D25E691A200CA0A4000059EB /* Memory.swift in Sources */ = {isa = PBXBuildFile; fileRef = D25E6919200CA0A4000059EB /* Memory.swift */; };
		D25E691C200CA621000059EB /* Stack.swift in Sources */ = {isa = PBXBuildFile; fileRef = D25E691B200CA621000059EB /* Stack.swift */; };
		D26B2AEF2019FE2900A30998 /* fibonacci.f in CopyFiles */ = {isa = PBXBuildFile; fileRef = D26B2AED2019F84300A30998 /* fibonacci.f */; };
		D26B2AF2201A0E0D00A30998 /* factor.f in CopyFiles */ = {isa = PBXBuildFile; fileRef = D26B2AF0201A0DF600A30998 /* factor.f */; };
		D26B2AF4201B142600A30998 /* ConsoleColors.swift in Sources */ = {isa = PBXBuildFile; fileRef = D26B2AF3201B142600A30998 /* ConsoleColors.swift */; };
		D275BDA1201A604E00AF5B91 /* peuler.f in CopyFiles */ = {isa = PBXBuildFile; fileRef = D275BD9F201A603A00AF5B91 /* peuler.f */; };
/* End PBXBuildFile section */

/* Begin PBXCopyFilesBuildPhase section */
		D25E6903200C887F000059EB /* CopyFiles */ = {
			isa = PBXCopyFilesBuildPhase;
			buildActionMask = 12;
			dstPath = "";
			dstSubfolderSpec = 16;
			files = (
				D26B2AF2201A0E0D00A30998 /* factor.f in CopyFiles */,
				D21E55AD201021A900C91CCE /* bootstrap.f in CopyFiles */,
				D275BDA1201A604E00AF5B91 /* peuler.f in CopyFiles */,
				D26B2AEF2019FE2900A30998 /* fibonacci.f in CopyFiles */,
			);
			runOnlyForDeploymentPostprocessing = 0;
		};
/* End PBXCopyFilesBuildPhase section */

/* Begin PBXFileReference section */
		D21E55A52010104A00C91CCE /* Dictionary.swift */ = {isa = PBXFileReference; lastKnownFileType = sourcecode.swift; path = Dictionary.swift; sourceTree = "<group>"; };
		D21E55A72010145E00C91CCE /* Extensions.swift */ = {isa = PBXFileReference; lastKnownFileType = sourcecode.swift; path = Extensions.swift; sourceTree = "<group>"; };
		D21E55A92010213700C91CCE /* System.swift */ = {isa = PBXFileReference; lastKnownFileType = sourcecode.swift; path = System.swift; sourceTree = "<group>"; };
		D21E55AB2010218700C91CCE /* bootstrap.f */ = {isa = PBXFileReference; explicitFileType = text; fileEncoding = 4; path = bootstrap.f; sourceTree = "<group>"; xcLanguageSpecificationIdentifier = "<none>"; };
		D254D0DA201B6CE100A4D4AE /* Address.swift */ = {isa = PBXFileReference; lastKnownFileType = sourcecode.swift; path = Address.swift; sourceTree = "<group>"; };
		D25E6905200C887F000059EB /* Forth */ = {isa = PBXFileReference; explicitFileType = "compiled.mach-o.executable"; includeInIndex = 0; path = Forth; sourceTree = BUILT_PRODUCTS_DIR; };
		D25E6908200C887F000059EB /* main.swift */ = {isa = PBXFileReference; lastKnownFileType = sourcecode.swift; path = main.swift; sourceTree = "<group>"; };
		D25E690F200C88C8000059EB /* Machine.swift */ = {isa = PBXFileReference; lastKnownFileType = sourcecode.swift; path = Machine.swift; sourceTree = "<group>"; };
		D25E6913200C8953000059EB /* Types.swift */ = {isa = PBXFileReference; lastKnownFileType = sourcecode.swift; path = Types.swift; sourceTree = "<group>"; };
		D25E6917200C8EE7000059EB /* RuntimeError.swift */ = {isa = PBXFileReference; lastKnownFileType = sourcecode.swift; path = RuntimeError.swift; sourceTree = "<group>"; };
		D25E6919200CA0A4000059EB /* Memory.swift */ = {isa = PBXFileReference; lastKnownFileType = sourcecode.swift; path = Memory.swift; sourceTree = "<group>"; };
		D25E691B200CA621000059EB /* Stack.swift */ = {isa = PBXFileReference; lastKnownFileType = sourcecode.swift; path = Stack.swift; sourceTree = "<group>"; };
		D26B2AED2019F84300A30998 /* fibonacci.f */ = {isa = PBXFileReference; lastKnownFileType = sourcecode.fortran; path = fibonacci.f; sourceTree = "<group>"; xcLanguageSpecificationIdentifier = "<none>"; };
		D26B2AF0201A0DF600A30998 /* factor.f */ = {isa = PBXFileReference; lastKnownFileType = sourcecode.fortran; path = factor.f; sourceTree = "<group>"; xcLanguageSpecificationIdentifier = "<none>"; };
		D26B2AF3201B142600A30998 /* ConsoleColors.swift */ = {isa = PBXFileReference; lastKnownFileType = sourcecode.swift; path = ConsoleColors.swift; sourceTree = "<group>"; };
		D275BD9F201A603A00AF5B91 /* peuler.f */ = {isa = PBXFileReference; lastKnownFileType = sourcecode.fortran; path = peuler.f; sourceTree = "<group>"; xcLanguageSpecificationIdentifier = "<none>"; };
		D27D4BB22014D2B500E25FE2 /* .swiftlint.yml */ = {isa = PBXFileReference; lastKnownFileType = text; path = .swiftlint.yml; sourceTree = "<group>"; };
		D2E6577F201F0FBE004C4CB0 /* .gitignore */ = {isa = PBXFileReference; lastKnownFileType = text; path = .gitignore; sourceTree = "<group>"; };
/* End PBXFileReference section */

/* Begin PBXFrameworksBuildPhase section */
		D25E6902200C887F000059EB /* Frameworks */ = {
			isa = PBXFrameworksBuildPhase;
			buildActionMask = 2147483647;
			files = (
			);
			runOnlyForDeploymentPostprocessing = 0;
		};
/* End PBXFrameworksBuildPhase section */

/* Begin PBXGroup section */
		D25E68FC200C887F000059EB = {
			isa = PBXGroup;
			children = (
				D2E6577F201F0FBE004C4CB0 /* .gitignore */,
				D27D4BB22014D2B500E25FE2 /* .swiftlint.yml */,
				D26B2AEC2019F82A00A30998 /* Examples */,
				D25E6907200C887F000059EB /* Forth */,
				D25E6906200C887F000059EB /* Products */,
			);
			sourceTree = "<group>";
		};
		D25E6906200C887F000059EB /* Products */ = {
			isa = PBXGroup;
			children = (
				D25E6905200C887F000059EB /* Forth */,
			);
			name = Products;
			sourceTree = "<group>";
		};
		D25E6907200C887F000059EB /* Forth */ = {
			isa = PBXGroup;
			children = (
				D21E55AB2010218700C91CCE /* bootstrap.f */,
				D25E6913200C8953000059EB /* Types.swift */,
				D254D0DA201B6CE100A4D4AE /* Address.swift */,
				D21E55A72010145E00C91CCE /* Extensions.swift */,
				D26B2AF3201B142600A30998 /* ConsoleColors.swift */,
				D25E6917200C8EE7000059EB /* RuntimeError.swift */,
				D25E6919200CA0A4000059EB /* Memory.swift */,
				D25E691B200CA621000059EB /* Stack.swift */,
				D21E55A52010104A00C91CCE /* Dictionary.swift */,
				D25E690F200C88C8000059EB /* Machine.swift */,
				D21E55A92010213700C91CCE /* System.swift */,
				D25E6908200C887F000059EB /* main.swift */,
			);
			path = Forth;
			sourceTree = "<group>";
		};
		D26B2AEC2019F82A00A30998 /* Examples */ = {
			isa = PBXGroup;
			children = (
				D26B2AED2019F84300A30998 /* fibonacci.f */,
				D26B2AF0201A0DF600A30998 /* factor.f */,
				D275BD9F201A603A00AF5B91 /* peuler.f */,
			);
			path = Examples;
			sourceTree = "<group>";
		};
/* End PBXGroup section */

/* Begin PBXNativeTarget section */
		D25E6904200C887F000059EB /* Forth */ = {
			isa = PBXNativeTarget;
			buildConfigurationList = D25E690C200C887F000059EB /* Build configuration list for PBXNativeTarget "Forth" */;
			buildPhases = (
				D27D4BB12014D22A00E25FE2 /* ShellScript */,
				D25E6901200C887F000059EB /* Sources */,
				D25E6902200C887F000059EB /* Frameworks */,
				D25E6903200C887F000059EB /* CopyFiles */,
			);
			buildRules = (
			);
			dependencies = (
			);
			name = Forth;
			productName = Forth;
			productReference = D25E6905200C887F000059EB /* Forth */;
			productType = "com.apple.product-type.tool";
		};
/* End PBXNativeTarget section */

/* Begin PBXProject section */
		D25E68FD200C887F000059EB /* Project object */ = {
			isa = PBXProject;
			attributes = {
				LastSwiftUpdateCheck = 0920;
				LastUpgradeCheck = 0930;
				ORGANIZATIONNAME = "Sebastian Boettcher";
				TargetAttributes = {
					D25E6904200C887F000059EB = {
						CreatedOnToolsVersion = 9.2;
						LastSwiftMigration = 1020;
						ProvisioningStyle = Automatic;
					};
				};
			};
			buildConfigurationList = D25E6900200C887F000059EB /* Build configuration list for PBXProject "Forth" */;
			compatibilityVersion = "Xcode 8.0";
			developmentRegion = en;
			hasScannedForEncodings = 0;
			knownRegions = (
				en,
				Base,
			);
			mainGroup = D25E68FC200C887F000059EB;
			productRefGroup = D25E6906200C887F000059EB /* Products */;
			projectDirPath = "";
			projectRoot = "";
			targets = (
				D25E6904200C887F000059EB /* Forth */,
			);
		};
/* End PBXProject section */

/* Begin PBXShellScriptBuildPhase section */
		D27D4BB12014D22A00E25FE2 /* ShellScript */ = {
			isa = PBXShellScriptBuildPhase;
			buildActionMask = 2147483647;
			files = (
			);
			inputPaths = (
			);
			outputPaths = (
			);
			runOnlyForDeploymentPostprocessing = 0;
			shellPath = /bin/sh;
			shellScript = "if which swiftlint >/dev/null; then\n    swiftlint\nelse\n    echo \"warning: SwiftLint not installed, download from https://github.com/realm/SwiftLint\"\nfi";
		};
/* End PBXShellScriptBuildPhase section */

/* Begin PBXSourcesBuildPhase section */
		D25E6901200C887F000059EB /* Sources */ = {
			isa = PBXSourcesBuildPhase;
			buildActionMask = 2147483647;
			files = (
				D25E6909200C887F000059EB /* main.swift in Sources */,
				D25E691C200CA621000059EB /* Stack.swift in Sources */,
				D25E691A200CA0A4000059EB /* Memory.swift in Sources */,
				D21E55A82010145F00C91CCE /* Extensions.swift in Sources */,
				D25E6918200C8EE7000059EB /* RuntimeError.swift in Sources */,
				D21E55A62010104A00C91CCE /* Dictionary.swift in Sources */,
				D25E6910200C88C8000059EB /* Machine.swift in Sources */,
				D21E55AA2010213700C91CCE /* System.swift in Sources */,
				D25E6914200C8953000059EB /* Types.swift in Sources */,
				D254D0DB201B6CE100A4D4AE /* Address.swift in Sources */,
				D26B2AF4201B142600A30998 /* ConsoleColors.swift in Sources */,
			);
			runOnlyForDeploymentPostprocessing = 0;
		};
/* End PBXSourcesBuildPhase section */

/* Begin XCBuildConfiguration section */
		D25E690A200C887F000059EB /* Debug */ = {
			isa = XCBuildConfiguration;
			buildSettings = {
				ALWAYS_SEARCH_USER_PATHS = NO;
				CLANG_ANALYZER_NONNULL = YES;
				CLANG_ANALYZER_NUMBER_OBJECT_CONVERSION = YES_AGGRESSIVE;
				CLANG_CXX_LANGUAGE_STANDARD = "gnu++14";
				CLANG_CXX_LIBRARY = "libc++";
				CLANG_ENABLE_MODULES = YES;
				CLANG_ENABLE_OBJC_ARC = YES;
				CLANG_WARN_BLOCK_CAPTURE_AUTORELEASING = YES;
				CLANG_WARN_BOOL_CONVERSION = YES;
				CLANG_WARN_COMMA = YES;
				CLANG_WARN_CONSTANT_CONVERSION = YES;
				CLANG_WARN_DEPRECATED_OBJC_IMPLEMENTATIONS = YES;
				CLANG_WARN_DIRECT_OBJC_ISA_USAGE = YES_ERROR;
				CLANG_WARN_DOCUMENTATION_COMMENTS = YES;
				CLANG_WARN_EMPTY_BODY = YES;
				CLANG_WARN_ENUM_CONVERSION = YES;
				CLANG_WARN_INFINITE_RECURSION = YES;
				CLANG_WARN_INT_CONVERSION = YES;
				CLANG_WARN_NON_LITERAL_NULL_CONVERSION = YES;
				CLANG_WARN_OBJC_IMPLICIT_RETAIN_SELF = YES;
				CLANG_WARN_OBJC_LITERAL_CONVERSION = YES;
				CLANG_WARN_OBJC_ROOT_CLASS = YES_ERROR;
				CLANG_WARN_RANGE_LOOP_ANALYSIS = YES;
				CLANG_WARN_STRICT_PROTOTYPES = YES;
				CLANG_WARN_SUSPICIOUS_MOVE = YES;
				CLANG_WARN_UNGUARDED_AVAILABILITY = YES_AGGRESSIVE;
				CLANG_WARN_UNREACHABLE_CODE = YES;
				CLANG_WARN__DUPLICATE_METHOD_MATCH = YES;
				CODE_SIGN_IDENTITY = "Mac Developer";
				COPY_PHASE_STRIP = NO;
				DEBUG_INFORMATION_FORMAT = dwarf;
				ENABLE_STRICT_OBJC_MSGSEND = YES;
				ENABLE_TESTABILITY = YES;
				GCC_C_LANGUAGE_STANDARD = gnu11;
				GCC_DYNAMIC_NO_PIC = NO;
				GCC_NO_COMMON_BLOCKS = YES;
				GCC_OPTIMIZATION_LEVEL = 0;
				GCC_PREPROCESSOR_DEFINITIONS = (
					"DEBUG=1",
					"$(inherited)",
				);
				GCC_WARN_64_TO_32_BIT_CONVERSION = YES;
				GCC_WARN_ABOUT_RETURN_TYPE = YES_ERROR;
				GCC_WARN_UNDECLARED_SELECTOR = YES;
				GCC_WARN_UNINITIALIZED_AUTOS = YES_AGGRESSIVE;
				GCC_WARN_UNUSED_FUNCTION = YES;
				GCC_WARN_UNUSED_VARIABLE = YES;
				MACOSX_DEPLOYMENT_TARGET = 10.13;
				MTL_ENABLE_DEBUG_INFO = YES;
				ONLY_ACTIVE_ARCH = YES;
				SDKROOT = macosx;
				SWIFT_ACTIVE_COMPILATION_CONDITIONS = DEBUG;
				SWIFT_OPTIMIZATION_LEVEL = "-Onone";
			};
			name = Debug;
		};
		D25E690B200C887F000059EB /* Release */ = {
			isa = XCBuildConfiguration;
			buildSettings = {
				ALWAYS_SEARCH_USER_PATHS = NO;
				CLANG_ANALYZER_NONNULL = YES;
				CLANG_ANALYZER_NUMBER_OBJECT_CONVERSION = YES_AGGRESSIVE;
				CLANG_CXX_LANGUAGE_STANDARD = "gnu++14";
				CLANG_CXX_LIBRARY = "libc++";
				CLANG_ENABLE_MODULES = YES;
				CLANG_ENABLE_OBJC_ARC = YES;
				CLANG_WARN_BLOCK_CAPTURE_AUTORELEASING = YES;
				CLANG_WARN_BOOL_CONVERSION = YES;
				CLANG_WARN_COMMA = YES;
				CLANG_WARN_CONSTANT_CONVERSION = YES;
				CLANG_WARN_DEPRECATED_OBJC_IMPLEMENTATIONS = YES;
				CLANG_WARN_DIRECT_OBJC_ISA_USAGE = YES_ERROR;
				CLANG_WARN_DOCUMENTATION_COMMENTS = YES;
				CLANG_WARN_EMPTY_BODY = YES;
				CLANG_WARN_ENUM_CONVERSION = YES;
				CLANG_WARN_INFINITE_RECURSION = YES;
				CLANG_WARN_INT_CONVERSION = YES;
				CLANG_WARN_NON_LITERAL_NULL_CONVERSION = YES;
				CLANG_WARN_OBJC_IMPLICIT_RETAIN_SELF = YES;
				CLANG_WARN_OBJC_LITERAL_CONVERSION = YES;
				CLANG_WARN_OBJC_ROOT_CLASS = YES_ERROR;
				CLANG_WARN_RANGE_LOOP_ANALYSIS = YES;
				CLANG_WARN_STRICT_PROTOTYPES = YES;
				CLANG_WARN_SUSPICIOUS_MOVE = YES;
				CLANG_WARN_UNGUARDED_AVAILABILITY = YES_AGGRESSIVE;
				CLANG_WARN_UNREACHABLE_CODE = YES;
				CLANG_WARN__DUPLICATE_METHOD_MATCH = YES;
				CODE_SIGN_IDENTITY = "Mac Developer";
				COPY_PHASE_STRIP = NO;
				DEBUG_INFORMATION_FORMAT = "dwarf-with-dsym";
				ENABLE_NS_ASSERTIONS = NO;
				ENABLE_STRICT_OBJC_MSGSEND = YES;
				GCC_C_LANGUAGE_STANDARD = gnu11;
				GCC_NO_COMMON_BLOCKS = YES;
				GCC_WARN_64_TO_32_BIT_CONVERSION = YES;
				GCC_WARN_ABOUT_RETURN_TYPE = YES_ERROR;
				GCC_WARN_UNDECLARED_SELECTOR = YES;
				GCC_WARN_UNINITIALIZED_AUTOS = YES_AGGRESSIVE;
				GCC_WARN_UNUSED_FUNCTION = YES;
				GCC_WARN_UNUSED_VARIABLE = YES;
				MACOSX_DEPLOYMENT_TARGET = 10.13;
				MTL_ENABLE_DEBUG_INFO = NO;
				SDKROOT = macosx;
				SWIFT_OPTIMIZATION_LEVEL = "-Owholemodule";
			};
			name = Release;
		};
		D25E690D200C887F000059EB /* Debug */ = {
			isa = XCBuildConfiguration;
			buildSettings = {
				CODE_SIGN_STYLE = Automatic;
				DEVELOPMENT_TEAM = 8D7C67CAFE;
				PRODUCT_NAME = "$(TARGET_NAME)";
				SWIFT_VERSION = 5.0;
			};
			name = Debug;
		};
		D25E690E200C887F000059EB /* Release */ = {
			isa = XCBuildConfiguration;
			buildSettings = {
				CODE_SIGN_STYLE = Automatic;
				DEVELOPMENT_TEAM = 8D7C67CAFE;
				PRODUCT_NAME = "$(TARGET_NAME)";
				SWIFT_VERSION = 5.0;
			};
			name = Release;
		};
/* End XCBuildConfiguration section */

/* Begin XCConfigurationList section */
		D25E6900200C887F000059EB /* Build configuration list for PBXProject "Forth" */ = {
			isa = XCConfigurationList;
			buildConfigurations = (
				D25E690A200C887F000059EB /* Debug */,
				D25E690B200C887F000059EB /* Release */,
			);
			defaultConfigurationIsVisible = 0;
			defaultConfigurationName = Release;
		};
		D25E690C200C887F000059EB /* Build configuration list for PBXNativeTarget "Forth" */ = {
			isa = XCConfigurationList;
			buildConfigurations = (
				D25E690D200C887F000059EB /* Debug */,
				D25E690E200C887F000059EB /* Release */,
			);
			defaultConfigurationIsVisible = 0;
			defaultConfigurationName = Release;
		};
/* End XCConfigurationList section */
	};
	rootObject = D25E68FD200C887F000059EB /* Project object */;
}
